
Microsoft Visual Studio Solution File, Format Version 11.00
# Visual Studio 2010
Project("{FAE04EC0-301F-11D3-BF4B-00C04F79EFBC}") = "Assembly-CSharp", "Assembly-CSharp.csproj", "{058E7EFF-ED00-3A2A-A46B-5A488E44F506}"
EndProject
Project("{FAE04EC0-301F-11D3-BF4B-00C04F79EFBC}") = "Assembly-CSharp-Editor", "Assembly-CSharp-Editor.csproj", "{77DAFA9D-24C7-E103-FB57-BA5474BFC65B}"
EndProject
Global
	GlobalSection(SolutionConfigurationPlatforms) = preSolution
		Debug|Any CPU = Debug|Any CPU
		Release|Any CPU = Release|Any CPU
	EndGlobalSection
	GlobalSection(ProjectConfigurationPlatforms) = postSolution
		{058E7EFF-ED00-3A2A-A46B-5A488E44F506}.Debug|Any CPU.ActiveCfg = Debug|Any CPU
		{058E7EFF-ED00-3A2A-A46B-5A488E44F506}.Debug|Any CPU.Build.0 = Debug|Any CPU
		{058E7EFF-ED00-3A2A-A46B-5A488E44F506}.Release|Any CPU.ActiveCfg = Release|Any CPU
		{058E7EFF-ED00-3A2A-A46B-5A488E44F506}.Release|Any CPU.Build.0 = Release|Any CPU
		{77DAFA9D-24C7-E103-FB57-BA5474BFC65B}.Debug|Any CPU.ActiveCfg = Debug|Any CPU
		{77DAFA9D-24C7-E103-FB57-BA5474BFC65B}.Debug|Any CPU.Build.0 = Debug|Any CPU
		{77DAFA9D-24C7-E103-FB57-BA5474BFC65B}.Release|Any CPU.ActiveCfg = Release|Any CPU
		{77DAFA9D-24C7-E103-FB57-BA5474BFC65B}.Release|Any CPU.Build.0 = Release|Any CPU
	EndGlobalSection
	GlobalSection(SolutionProperties) = preSolution
		HideSolutionNode = FALSE
	EndGlobalSection
EndGlobal
